
Microsoft Visual Studio Solution File, Format Version 12.00
# Visual Studio 15
VisualStudioVersion = 15.0.27703.2000
MinimumVisualStudioVersion = 10.0.40219.1
Project("{FAE04EC0-301F-11D3-BF4B-00C04F79EFBC}") = "DoctorFinder.Mobile.Android", "DoctorFinder.Mobile\DoctorFinder.Mobile.Android\DoctorFinder.Mobile.Android.csproj", "{6AABE4FA-CF86-48C0-8A72-026EA3639F6D}"
EndProject
Project("{FAE04EC0-301F-11D3-BF4B-00C04F79EFBC}") = "DoctorFinder.Mobile.iOS", "DoctorFinder.Mobile\DoctorFinder.Mobile.iOS\DoctorFinder.Mobile.iOS.csproj", "{873650F6-28B0-46FE-A892-3802BD0A97BE}"
EndProject
Project("{FAE04EC0-301F-11D3-BF4B-00C04F79EFBC}") = "DoctorFinder.Mobile", "DoctorFinder.Mobile\DoctorFinder.Mobile\DoctorFinder.Mobile.csproj", "{B945863F-7C47-40B7-AE00-511EB39AFFD2}"
EndProject
Global
	GlobalSection(SolutionConfigurationPlatforms) = preSolution
		Ad-Hoc|Any CPU = Ad-Hoc|Any CPU
		Ad-Hoc|iPhone = Ad-Hoc|iPhone
		Ad-Hoc|iPhoneSimulator = Ad-Hoc|iPhoneSimulator
		AppStore|Any CPU = AppStore|Any CPU
		AppStore|iPhone = AppStore|iPhone
		AppStore|iPhoneSimulator = AppStore|iPhoneSimulator
		Debug|Any CPU = Debug|Any CPU
		Debug|iPhone = Debug|iPhone
		Debug|iPhoneSimulator = Debug|iPhoneSimulator
		Release|Any CPU = Release|Any CPU
		Release|iPhone = Release|iPhone
		Release|iPhoneSimulator = Release|iPhoneSimulator
	EndGlobalSection
	GlobalSection(ProjectConfigurationPlatforms) = postSolution
		{6AABE4FA-CF86-48C0-8A72-026EA3639F6D}.Ad-Hoc|Any CPU.ActiveCfg = Release|Any CPU
		{6AABE4FA-CF86-48C0-8A72-026EA3639F6D}.Ad-Hoc|Any CPU.Build.0 = Release|Any CPU
		{6AABE4FA-CF86-48C0-8A72-026EA3639F6D}.Ad-Hoc|Any CPU.Deploy.0 = Release|Any CPU
		{6AABE4FA-CF86-48C0-8A72-026EA3639F6D}.Ad-Hoc|iPhone.ActiveCfg = Release|Any CPU
		{6AABE4FA-CF86-48C0-8A72-026EA3639F6D}.Ad-Hoc|iPhone.Build.0 = Release|Any CPU
		{6AABE4FA-CF86-48C0-8A72-026EA3639F6D}.Ad-Hoc|iPhone.Deploy.0 = Release|Any CPU
		{6AABE4FA-CF86-48C0-8A72-026EA3639F6D}.Ad-Hoc|iPhoneSimulator.ActiveCfg = Release|Any CPU
		{6AABE4FA-CF86-48C0-8A72-026EA3639F6D}.Ad-Hoc|iPhoneSimulator.Build.0 = Release|Any CPU
		{6AABE4FA-CF86-48C0-8A72-026EA3639F6D}.Ad-Hoc|iPhoneSimulator.Deploy.0 = Release|Any CPU
		{6AABE4FA-CF86-48C0-8A72-026EA3639F6D}.AppStore|Any CPU.ActiveCfg = Release|Any CPU
		{6AABE4FA-CF86-48C0-8A72-026EA3639F6D}.AppStore|Any CPU.Build.0 = Release|Any CPU
		{6AABE4FA-CF86-48C0-8A72-026EA3639F6D}.AppStore|Any CPU.Deploy.0 = Release|Any CPU
		{6AABE4FA-CF86-48C0-8A72-026EA3639F6D}.AppStore|iPhone.ActiveCfg = Release|Any CPU
		{6AABE4FA-CF86-48C0-8A72-026EA3639F6D}.AppStore|iPhone.Build.0 = Release|Any CPU
		{6AABE4FA-CF86-48C0-8A72-026EA3639F6D}.AppStore|iPhone.Deploy.0 = Release|Any CPU
		{6AABE4FA-CF86-48C0-8A72-026EA3639F6D}.AppStore|iPhoneSimulator.ActiveCfg = Release|Any CPU
		{6AABE4FA-CF86-48C0-8A72-026EA3639F6D}.AppStore|iPhoneSimulator.Build.0 = Release|Any CPU
		{6AABE4FA-CF86-48C0-8A72-026EA3639F6D}.AppStore|iPhoneSimulator.Deploy.0 = Release|Any CPU
		{6AABE4FA-CF86-48C0-8A72-026EA3639F6D}.Debug|Any CPU.ActiveCfg = Debug|Any CPU
		{6AABE4FA-CF86-48C0-8A72-026EA3639F6D}.Debug|Any CPU.Build.0 = Debug|Any CPU
		{6AABE4FA-CF86-48C0-8A72-026EA3639F6D}.Debug|Any CPU.Deploy.0 = Debug|Any CPU
		{6AABE4FA-CF86-48C0-8A72-026EA3639F6D}.Debug|iPhone.ActiveCfg = Debug|Any CPU
		{6AABE4FA-CF86-48C0-8A72-026EA3639F6D}.Debug|iPhone.Build.0 = Debug|Any CPU
		{6AABE4FA-CF86-48C0-8A72-026EA3639F6D}.Debug|iPhone.Deploy.0 = Debug|Any CPU
		{6AABE4FA-CF86-48C0-8A72-026EA3639F6D}.Debug|iPhoneSimulator.ActiveCfg = Debug|Any CPU
		{6AABE4FA-CF86-48C0-8A72-026EA3639F6D}.Debug|iPhoneSimulator.Build.0 = Debug|Any CPU
		{6AABE4FA-CF86-48C0-8A72-026EA3639F6D}.Debug|iPhoneSimulator.Deploy.0 = Debug|Any CPU
		{6AABE4FA-CF86-48C0-8A72-026EA3639F6D}.Release|Any CPU.ActiveCfg = Release|Any CPU
		{6AABE4FA-CF86-48C0-8A72-026EA3639F6D}.Release|Any CPU.Build.0 = Release|Any CPU
		{6AABE4FA-CF86-48C0-8A72-026EA3639F6D}.Release|Any CPU.Deploy.0 = Release|Any CPU
		{6AABE4FA-CF86-48C0-8A72-026EA3639F6D}.Release|iPhone.ActiveCfg = Release|Any CPU
		{6AABE4FA-CF86-48C0-8A72-026EA3639F6D}.Release|iPhone.Build.0 = Release|Any CPU
		{6AABE4FA-CF86-48C0-8A72-026EA3639F6D}.Release|iPhone.Deploy.0 = Release|Any CPU
		{6AABE4FA-CF86-48C0-8A72-026EA3639F6D}.Release|iPhoneSimulator.ActiveCfg = Release|Any CPU
		{6AABE4FA-CF86-48C0-8A72-026EA3639F6D}.Release|iPhoneSimulator.Build.0 = Release|Any CPU
		{6AABE4FA-CF86-48C0-8A72-026EA3639F6D}.Release|iPhoneSimulator.Deploy.0 = Release|Any CPU
		{873650F6-28B0-46FE-A892-3802BD0A97BE}.Ad-Hoc|Any CPU.ActiveCfg = Ad-Hoc|iPhone
		{873650F6-28B0-46FE-A892-3802BD0A97BE}.Ad-Hoc|Any CPU.Build.0 = Ad-Hoc|iPhone
		{873650F6-28B0-46FE-A892-3802BD0A97BE}.Ad-Hoc|Any CPU.Deploy.0 = Ad-Hoc|iPhone
		{873650F6-28B0-46FE-A892-3802BD0A97BE}.Ad-Hoc|iPhone.ActiveCfg = Ad-Hoc|iPhone
		{873650F6-28B0-46FE-A892-3802BD0A97BE}.Ad-Hoc|iPhone.Build.0 = Ad-Hoc|iPhone
		{873650F6-28B0-46FE-A892-3802BD0A97BE}.Ad-Hoc|iPhone.Deploy.0 = Ad-Hoc|iPhone
		{873650F6-28B0-46FE-A892-3802BD0A97BE}.Ad-Hoc|iPhoneSimulator.ActiveCfg = Ad-Hoc|iPhoneSimulator
		{873650F6-28B0-46FE-A892-3802BD0A97BE}.Ad-Hoc|iPhoneSimulator.Build.0 = Ad-Hoc|iPhoneSimulator
		{873650F6-28B0-46FE-A892-3802BD0A97BE}.Ad-Hoc|iPhoneSimulator.Deploy.0 = Ad-Hoc|iPhoneSimulator
		{873650F6-28B0-46FE-A892-3802BD0A97BE}.AppStore|Any CPU.ActiveCfg = AppStore|iPhone
		{873650F6-28B0-46FE-A892-3802BD0A97BE}.AppStore|Any CPU.Build.0 = AppStore|iPhone
		{873650F6-28B0-46FE-A892-3802BD0A97BE}.AppStore|Any CPU.Deploy.0 = AppStore|iPhone
		{873650F6-28B0-46FE-A892-3802BD0A97BE}.AppStore|iPhone.ActiveCfg = AppStore|iPhone
		{873650F6-28B0-46FE-A892-3802BD0A97BE}.AppStore|iPhone.Build.0 = AppStore|iPhone
		{873650F6-28B0-46FE-A892-3802BD0A97BE}.AppStore|iPhone.Deploy.0 = AppStore|iPhone
		{873650F6-28B0-46FE-A892-3802BD0A97BE}.AppStore|iPhoneSimulator.ActiveCfg = AppStore|iPhoneSimulator
		{873650F6-28B0-46FE-A892-3802BD0A97BE}.AppStore|iPhoneSimulator.Build.0 = AppStore|iPhoneSimulator
		{873650F6-28B0-46FE-A892-3802BD0A97BE}.AppStore|iPhoneSimulator.Deploy.0 = AppStore|iPhoneSimulator
		{873650F6-28B0-46FE-A892-3802BD0A97BE}.Debug|Any CPU.ActiveCfg = Debug|iPhoneSimulator
		{873650F6-28B0-46FE-A892-3802BD0A97BE}.Debug|Any CPU.Build.0 = Debug|iPhoneSimulator
		{873650F6-28B0-46FE-A892-3802BD0A97BE}.Debug|Any CPU.Deploy.0 = Debug|iPhoneSimulator
		{873650F6-28B0-46FE-A892-3802BD0A97BE}.Debug|iPhone.ActiveCfg = Debug|iPhone
		{873650F6-28B0-46FE-A892-3802BD0A97BE}.Debug|iPhone.Build.0 = Debug|iPhone
		{873650F6-28B0-46FE-A892-3802BD0A97BE}.Debug|iPhone.Deploy.0 = Debug|iPhone
		{873650F6-28B0-46FE-A892-3802BD0A97BE}.Debug|iPhoneSimulator.ActiveCfg = Debug|iPhoneSimulator
		{873650F6-28B0-46FE-A892-3802BD0A97BE}.Debug|iPhoneSimulator.Build.0 = Debug|iPhoneSimulator
		{873650F6-28B0-46FE-A892-3802BD0A97BE}.Debug|iPhoneSimulator.Deploy.0 = Debug|iPhoneSimulator
		{873650F6-28B0-46FE-A892-3802BD0A97BE}.Release|Any CPU.ActiveCfg = Release|iPhone
		{873650F6-28B0-46FE-A892-3802BD0A97BE}.Release|Any CPU.Build.0 = Release|iPhone
		{873650F6-28B0-46FE-A892-3802BD0A97BE}.Release|Any CPU.Deploy.0 = Release|iPhone
		{873650F6-28B0-46FE-A892-3802BD0A97BE}.Release|iPhone.ActiveCfg = Release|iPhone
		{873650F6-28B0-46FE-A892-3802BD0A97BE}.Release|iPhone.Build.0 = Release|iPhone
		{873650F6-28B0-46FE-A892-3802BD0A97BE}.Release|iPhone.Deploy.0 = Release|iPhone
		{873650F6-28B0-46FE-A892-3802BD0A97BE}.Release|iPhoneSimulator.ActiveCfg = Release|iPhoneSimulator
		{873650F6-28B0-46FE-A892-3802BD0A97BE}.Release|iPhoneSimulator.Build.0 = Release|iPhoneSimulator
		{873650F6-28B0-46FE-A892-3802BD0A97BE}.Release|iPhoneSimulator.Deploy.0 = Release|iPhoneSimulator
		{B945863F-7C47-40B7-AE00-511EB39AFFD2}.Ad-Hoc|Any CPU.ActiveCfg = Debug|Any CPU
		{B945863F-7C47-40B7-AE00-511EB39AFFD2}.Ad-Hoc|Any CPU.Build.0 = Debug|Any CPU
		{B945863F-7C47-40B7-AE00-511EB39AFFD2}.Ad-Hoc|Any CPU.Deploy.0 = Debug|Any CPU
		{B945863F-7C47-40B7-AE00-511EB39AFFD2}.Ad-Hoc|iPhone.ActiveCfg = Debug|Any CPU
		{B945863F-7C47-40B7-AE00-511EB39AFFD2}.Ad-Hoc|iPhone.Build.0 = Debug|Any CPU
		{B945863F-7C47-40B7-AE00-511EB39AFFD2}.Ad-Hoc|iPhone.Deploy.0 = Debug|Any CPU
		{B945863F-7C47-40B7-AE00-511EB39AFFD2}.Ad-Hoc|iPhoneSimulator.ActiveCfg = Debug|Any CPU
		{B945863F-7C47-40B7-AE00-511EB39AFFD2}.Ad-Hoc|iPhoneSimulator.Build.0 = Debug|Any CPU
		{B945863F-7C47-40B7-AE00-511EB39AFFD2}.Ad-Hoc|iPhoneSimulator.Deploy.0 = Debug|Any CPU
		{B945863F-7C47-40B7-AE00-511EB39AFFD2}.AppStore|Any CPU.ActiveCfg = Debug|Any CPU
		{B945863F-7C47-40B7-AE00-511EB39AFFD2}.AppStore|Any CPU.Build.0 = Debug|Any CPU
		{B945863F-7C47-40B7-AE00-511EB39AFFD2}.AppStore|Any CPU.Deploy.0 = Debug|Any CPU
		{B945863F-7C47-40B7-AE00-511EB39AFFD2}.AppStore|iPhone.ActiveCfg = Debug|Any CPU
		{B945863F-7C47-40B7-AE00-511EB39AFFD2}.AppStore|iPhone.Build.0 = Debug|Any CPU
		{B945863F-7C47-40B7-AE00-511EB39AFFD2}.AppStore|iPhone.Deploy.0 = Debug|Any CPU
		{B945863F-7C47-40B7-AE00-511EB39AFFD2}.AppStore|iPhoneSimulator.ActiveCfg = Debug|Any CPU
		{B945863F-7C47-40B7-AE00-511EB39AFFD2}.AppStore|iPhoneSimulator.Build.0 = Debug|Any CPU
		{B945863F-7C47-40B7-AE00-511EB39AFFD2}.AppStore|iPhoneSimulator.Deploy.0 = Debug|Any CPU
		{B945863F-7C47-40B7-AE00-511EB39AFFD2}.Debug|Any CPU.ActiveCfg = Debug|Any CPU
		{B945863F-7C47-40B7-AE00-511EB39AFFD2}.Debug|Any CPU.Build.0 = Debug|Any CPU
		{B945863F-7C47-40B7-AE00-511EB39AFFD2}.Debug|Any CPU.Deploy.0 = Debug|Any CPU
		{B945863F-7C47-40B7-AE00-511EB39AFFD2}.Debug|iPhone.ActiveCfg = Debug|Any CPU
		{B945863F-7C47-40B7-AE00-511EB39AFFD2}.Debug|iPhone.Build.0 = Debug|Any CPU
		{B945863F-7C47-40B7-AE00-511EB39AFFD2}.Debug|iPhone.Deploy.0 = Debug|Any CPU
		{B945863F-7C47-40B7-AE00-511EB39AFFD2}.Debug|iPhoneSimulator.ActiveCfg = Debug|Any CPU
		{B945863F-7C47-40B7-AE00-511EB39AFFD2}.Debug|iPhoneSimulator.Build.0 = Debug|Any CPU
		{B945863F-7C47-40B7-AE00-511EB39AFFD2}.Debug|iPhoneSimulator.Deploy.0 = Debug|Any CPU
		{B945863F-7C47-40B7-AE00-511EB39AFFD2}.Release|Any CPU.ActiveCfg = Release|Any CPU
		{B945863F-7C47-40B7-AE00-511EB39AFFD2}.Release|Any CPU.Build.0 = Release|Any CPU
		{B945863F-7C47-40B7-AE00-511EB39AFFD2}.Release|Any CPU.Deploy.0 = Release|Any CPU
		{B945863F-7C47-40B7-AE00-511EB39AFFD2}.Release|iPhone.ActiveCfg = Release|Any CPU
		{B945863F-7C47-40B7-AE00-511EB39AFFD2}.Release|iPhone.Build.0 = Release|Any CPU
		{B945863F-7C47-40B7-AE00-511EB39AFFD2}.Release|iPhone.Deploy.0 = Release|Any CPU
		{B945863F-7C47-40B7-AE00-511EB39AFFD2}.Release|iPhoneSimulator.ActiveCfg = Release|Any CPU
		{B945863F-7C47-40B7-AE00-511EB39AFFD2}.Release|iPhoneSimulator.Build.0 = Release|Any CPU
		{B945863F-7C47-40B7-AE00-511EB39AFFD2}.Release|iPhoneSimulator.Deploy.0 = Release|Any CPU
	EndGlobalSection
	GlobalSection(SolutionProperties) = preSolution
		HideSolutionNode = FALSE
	EndGlobalSection
	GlobalSection(ExtensibilityGlobals) = postSolution
		SolutionGuid = {01E90F35-5CA2-4501-B101-E1A11480FAE5}
	EndGlobalSection
EndGlobal
